
Microsoft Visual Studio Solution File, Format Version 12.00
Project("{FAE04EC0-301F-11D3-BF4B-00C04F79EFBC}") = "Lab08_Andreboza", "Lab08_Andreboza\Lab08_Andreboza.csproj", "{958DF740-F12F-4567-AC45-85235287DEF9}"
EndProject
Global
	GlobalSection(SolutionConfigurationPlatforms) = preSolution
		Debug|Any CPU = Debug|Any CPU
		Release|Any CPU = Release|Any CPU
	EndGlobalSection
	GlobalSection(ProjectConfigurationPlatforms) = postSolution
		{958DF740-F12F-4567-AC45-85235287DEF9}.Debug|Any CPU.ActiveCfg = Debug|Any CPU
		{958DF740-F12F-4567-AC45-85235287DEF9}.Debug|Any CPU.Build.0 = Debug|Any CPU
		{958DF740-F12F-4567-AC45-85235287DEF9}.Release|Any CPU.ActiveCfg = Release|Any CPU
		{958DF740-F12F-4567-AC45-85235287DEF9}.Release|Any CPU.Build.0 = Release|Any CPU
	EndGlobalSection
EndGlobal
